{
  "nodes": {
    "earth-view": {
      "inputs": {
        "nix-formatter-pack": "nix-formatter-pack",
        "nixpkgs": "nixpkgs"
      },
      "locked": {
        "lastModified": 1714251394,
        "narHash": "sha256-YGPFTLvkunthKcvq5L7IfslZZtQJtNskjnFb6zQEPl4=",
        "owner": "nicolas-goudry",
        "repo": "earth-view",
        "rev": "0b502b384ebc5d886d6d6b06b1c1cf5453d8e0a4",
        "type": "github"
      },
      "original": {
        "owner": "nicolas-goudry",
        "repo": "earth-view",
        "type": "github"
      }
    },
    "nix-formatter-pack": {
      "inputs": {
        "nixpkgs": [
          "earth-view",
          "nixpkgs"
        ],
        "nmd": "nmd",
        "nmt": "nmt"
      },
      "locked": {
        "lastModified": 1713988078,
        "narHash": "sha256-scRrzQQyJAT0iPAd8AZvolgiq7npatsfytwnduESndI=",
        "owner": "Gerschtli",
        "repo": "nix-formatter-pack",
        "rev": "08d0135dbe95992b5f8d54c351ce62be2177f0b4",
        "type": "github"
      },
      "original": {
        "owner": "Gerschtli",
        "repo": "nix-formatter-pack",
        "type": "github"
      }
    },
    "nix-index-database": {
      "inputs": {
        "nixpkgs": [
          "nixpkgs"
        ]
      },
      "locked": {
        "lastModified": 1713869268,
        "narHash": "sha256-o3CMQeu/S8/4zU0pMtYg51rd1FWdJsI2Xohzng1Ysdg=",
        "owner": "nix-community",
        "repo": "nix-index-database",
        "rev": "dcb6ac44922858ce3a5b46f77a36d6030181460c",
        "type": "github"
      },
      "original": {
        "owner": "nix-community",
        "repo": "nix-index-database",
        "type": "github"
      }
    },
    "nixpkgs": {
      "locked": {
        "lastModified": 1713895582,
        "narHash": "sha256-cfh1hi+6muQMbi9acOlju3V1gl8BEaZBXBR9jQfQi4U=",
        "owner": "nixos",
        "repo": "nixpkgs",
        "rev": "572af610f6151fd41c212f897c71f7056e3fb518",
        "type": "github"
      },
      "original": {
        "owner": "nixos",
        "ref": "nixos-unstable",
        "repo": "nixpkgs",
        "type": "github"
      }
    },
    "nixpkgs_2": {
      "locked": {
        "lastModified": 1711333969,
        "narHash": "sha256-5PiWGn10DQjMZee5NXzeA6ccsv60iLu+Xtw+mfvkUAs=",
        "owner": "nixos",
        "repo": "nixpkgs",
        "rev": "57e6b3a9e4ebec5aa121188301f04a6b8c354c9b",
        "type": "github"
      },
      "original": {
        "owner": "nixos",
        "ref": "nixos-unstable",
        "repo": "nixpkgs",
        "type": "github"
      }
    },
    "nmd": {
      "flake": false,
      "locked": {
        "lastModified": 1666190571,
        "narHash": "sha256-Z1hc7M9X6L+H83o9vOprijpzhTfOBjd0KmUTnpHAVjA=",
        "owner": "rycee",
        "repo": "nmd",
        "rev": "b75d312b4f33bd3294cd8ae5c2ca8c6da2afc169",
        "type": "gitlab"
      },
      "original": {
        "owner": "rycee",
        "repo": "nmd",
        "type": "gitlab"
      }
    },
    "nmt": {
      "flake": false,
      "locked": {
        "lastModified": 1648075362,
        "narHash": "sha256-u36WgzoA84dMVsGXzml4wZ5ckGgfnvS0ryzo/3zn/Pc=",
        "owner": "rycee",
        "repo": "nmt",
        "rev": "d83601002c99b78c89ea80e5e6ba21addcfe12ae",
        "type": "gitlab"
      },
      "original": {
        "owner": "rycee",
        "repo": "nmt",
        "type": "gitlab"
      }
    },
    "root": {
      "inputs": {
        "earth-view": "earth-view",
        "nix-index-database": "nix-index-database",
        "nixpkgs": "nixpkgs_2"
      }
    }
  },
  "root": "root",
  "version": 7
}
